// !$*UTF8*$!
{
	archiveVersion = 1;
	classes = {
	};
	objectVersion = 50;
	objects = {

/* Begin PBXBuildFile section */
		BAA1326124F0C0700025C8C4 /* AppDelegate.swift in Sources */ = {isa = PBXBuildFile; fileRef = BAA1326024F0C0700025C8C4 /* AppDelegate.swift */; };
		BAA1326324F0C0700025C8C4 /* SceneDelegate.swift in Sources */ = {isa = PBXBuildFile; fileRef = BAA1326224F0C0700025C8C4 /* SceneDelegate.swift */; };
		BAA1326524F0C0700025C8C4 /* ViewController.swift in Sources */ = {isa = PBXBuildFile; fileRef = BAA1326424F0C0700025C8C4 /* ViewController.swift */; };
		BAA1326824F0C0700025C8C4 /* Main.storyboard in Resources */ = {isa = PBXBuildFile; fileRef = BAA1326624F0C0700025C8C4 /* Main.storyboard */; };
		BAA1326A24F0C0720025C8C4 /* Assets.xcassets in Resources */ = {isa = PBXBuildFile; fileRef = BAA1326924F0C0720025C8C4 /* Assets.xcassets */; };
		BAA1326D24F0C0720025C8C4 /* LaunchScreen.storyboard in Resources */ = {isa = PBXBuildFile; fileRef = BAA1326B24F0C0720025C8C4 /* LaunchScreen.storyboard */; };
/* End PBXBuildFile section */

/* Begin PBXFileReference section */
		BAA1325D24F0C0700025C8C4 /* a207ImageFromInternet.app */ = {isa = PBXFileReference; explicitFileType = wrapper.application; includeInIndex = 0; path = a207ImageFromInternet.app; sourceTree = BUILT_PRODUCTS_DIR; };
		BAA1326024F0C0700025C8C4 /* AppDelegate.swift */ = {isa = PBXFileReference; lastKnownFileType = sourcecode.swift; path = AppDelegate.swift; sourceTree = "<group>"; };
		BAA1326224F0C0700025C8C4 /* SceneDelegate.swift */ = {isa = PBXFileReference; lastKnownFileType = sourcecode.swift; path = SceneDelegate.swift; sourceTree = "<group>"; };
		BAA1326424F0C0700025C8C4 /* ViewController.swift */ = {isa = PBXFileReference; lastKnownFileType = sourcecode.swift; path = ViewController.swift; sourceTree = "<group>"; };
		BAA1326724F0C0700025C8C4 /* Base */ = {isa = PBXFileReference; lastKnownFileType = file.storyboard; name = Base; path = Base.lproj/Main.storyboard; sourceTree = "<group>"; };
		BAA1326924F0C0720025C8C4 /* Assets.xcassets */ = {isa = PBXFileReference; lastKnownFileType = folder.assetcatalog; path = Assets.xcassets; sourceTree = "<group>"; };
		BAA1326C24F0C0720025C8C4 /* Base */ = {isa = PBXFileReference; lastKnownFileType = file.storyboard; name = Base; path = Base.lproj/LaunchScreen.storyboard; sourceTree = "<group>"; };
		BAA1326E24F0C0720025C8C4 /* Info.plist */ = {isa = PBXFileReference; lastKnownFileType = text.plist.xml; path = Info.plist; sourceTree = "<group>"; };
/* End PBXFileReference section */

/* Begin PBXFrameworksBuildPhase section */
		BAA1325A24F0C0700025C8C4 /* Frameworks */ = {
			isa = PBXFrameworksBuildPhase;
			buildActionMask = 2147483647;
			files = (
			);
			runOnlyForDeploymentPostprocessing = 0;
		};
/* End PBXFrameworksBuildPhase section */

/* Begin PBXGroup section */
		BAA1325424F0C0700025C8C4 = {
			isa = PBXGroup;
			children = (
				BAA1325F24F0C0700025C8C4 /* a207ImageFromInternet */,
				BAA1325E24F0C0700025C8C4 /* Products */,
			);
			sourceTree = "<group>";
		};
		BAA1325E24F0C0700025C8C4 /* Products */ = {
			isa = PBXGroup;
			children = (
				BAA1325D24F0C0700025C8C4 /* a207ImageFromInternet.app */,
			);
			name = Products;
			sourceTree = "<group>";
		};
		BAA1325F24F0C0700025C8C4 /* a207ImageFromInternet */ = {
			isa = PBXGroup;
			children = (
				BAA1326024F0C0700025C8C4 /* AppDelegate.swift */,
				BAA1326224F0C0700025C8C4 /* SceneDelegate.swift */,
				BAA1326424F0C0700025C8C4 /* ViewController.swift */,
				BAA1326624F0C0700025C8C4 /* Main.storyboard */,
				BAA1326924F0C0720025C8C4 /* Assets.xcassets */,
				BAA1326B24F0C0720025C8C4 /* LaunchScreen.storyboard */,
				BAA1326E24F0C0720025C8C4 /* Info.plist */,
			);
			path = a207ImageFromInternet;
			sourceTree = "<group>";
		};
/* End PBXGroup section */

/* Begin PBXNativeTarget section */
		BAA1325C24F0C0700025C8C4 /* a207ImageFromInternet */ = {
			isa = PBXNativeTarget;
			buildConfigurationList = BAA1327124F0C0720025C8C4 /* Build configuration list for PBXNativeTarget "a207ImageFromInternet" */;
			buildPhases = (
				BAA1325924F0C0700025C8C4 /* Sources */,
				BAA1325A24F0C0700025C8C4 /* Frameworks */,
				BAA1325B24F0C0700025C8C4 /* Resources */,
			);
			buildRules = (
			);
			dependencies = (
			);
			name = a207ImageFromInternet;
			productName = a207ImageFromInternet;
			productReference = BAA1325D24F0C0700025C8C4 /* a207ImageFromInternet.app */;
			productType = "com.apple.product-type.application";
		};
/* End PBXNativeTarget section */

/* Begin PBXProject section */
		BAA1325524F0C0700025C8C4 /* Project object */ = {
			isa = PBXProject;
			attributes = {
				LastSwiftUpdateCheck = 1160;
				LastUpgradeCheck = 1160;
				ORGANIZATIONNAME = "申潤五";
				TargetAttributes = {
					BAA1325C24F0C0700025C8C4 = {
						CreatedOnToolsVersion = 11.6;
					};
				};
			};
			buildConfigurationList = BAA1325824F0C0700025C8C4 /* Build configuration list for PBXProject "a207ImageFromInternet" */;
			compatibilityVersion = "Xcode 9.3";
			developmentRegion = en;
			hasScannedForEncodings = 0;
			knownRegions = (
				en,
				Base,
			);
			mainGroup = BAA1325424F0C0700025C8C4;
			productRefGroup = BAA1325E24F0C0700025C8C4 /* Products */;
			projectDirPath = "";
			projectRoot = "";
			targets = (
				BAA1325C24F0C0700025C8C4 /* a207ImageFromInternet */,
			);
		};
/* End PBXProject section */

/* Begin PBXResourcesBuildPhase section */
		BAA1325B24F0C0700025C8C4 /* Resources */ = {
			isa = PBXResourcesBuildPhase;
			buildActionMask = 2147483647;
			files = (
				BAA1326D24F0C0720025C8C4 /* LaunchScreen.storyboard in Resources */,
				BAA1326A24F0C0720025C8C4 /* Assets.xcassets in Resources */,
				BAA1326824F0C0700025C8C4 /* Main.storyboard in Resources */,
			);
			runOnlyForDeploymentPostprocessing = 0;
		};
/* End PBXResourcesBuildPhase section */

/* Begin PBXSourcesBuildPhase section */
		BAA1325924F0C0700025C8C4 /* Sources */ = {
			isa = PBXSourcesBuildPhase;
			buildActionMask = 2147483647;
			files = (
				BAA1326524F0C0700025C8C4 /* ViewController.swift in Sources */,
				BAA1326124F0C0700025C8C4 /* AppDelegate.swift in Sources */,
				BAA1326324F0C0700025C8C4 /* SceneDelegate.swift in Sources */,
			);
			runOnlyForDeploymentPostprocessing = 0;
		};
/* End PBXSourcesBuildPhase section */

/* Begin PBXVariantGroup section */
		BAA1326624F0C0700025C8C4 /* Main.storyboard */ = {
			isa = PBXVariantGroup;
			children = (
				BAA1326724F0C0700025C8C4 /* Base */,
			);
			name = Main.storyboard;
			sourceTree = "<group>";
		};
		BAA1326B24F0C0720025C8C4 /* LaunchScreen.storyboard */ = {
			isa = PBXVariantGroup;
			children = (
				BAA1326C24F0C0720025C8C4 /* Base */,
			);
			name = LaunchScreen.storyboard;
			sourceTree = "<group>";
		};
/* End PBXVariantGroup section */

/* Begin XCBuildConfiguration section */
		BAA1326F24F0C0720025C8C4 /* Debug */ = {
			isa = XCBuildConfiguration;
			buildSettings = {
				ALWAYS_SEARCH_USER_PATHS = NO;
				CLANG_ANALYZER_NONNULL = YES;
				CLANG_ANALYZER_NUMBER_OBJECT_CONVERSION = YES_AGGRESSIVE;
				CLANG_CXX_LANGUAGE_STANDARD = "gnu++14";
				CLANG_CXX_LIBRARY = "libc++";
				CLANG_ENABLE_MODULES = YES;
				CLANG_ENABLE_OBJC_ARC = YES;
				CLANG_ENABLE_OBJC_WEAK = YES;
				CLANG_WARN_BLOCK_CAPTURE_AUTORELEASING = YES;
				CLANG_WARN_BOOL_CONVERSION = YES;
				CLANG_WARN_COMMA = YES;
				CLANG_WARN_CONSTANT_CONVERSION = YES;
				CLANG_WARN_DEPRECATED_OBJC_IMPLEMENTATIONS = YES;
				CLANG_WARN_DIRECT_OBJC_ISA_USAGE = YES_ERROR;
				CLANG_WARN_DOCUMENTATION_COMMENTS = YES;
				CLANG_WARN_EMPTY_BODY = YES;
				CLANG_WARN_ENUM_CONVERSION = YES;
				CLANG_WARN_INFINITE_RECURSION = YES;
				CLANG_WARN_INT_CONVERSION = YES;
				CLANG_WARN_NON_LITERAL_NULL_CONVERSION = YES;
				CLANG_WARN_OBJC_IMPLICIT_RETAIN_SELF = YES;
				CLANG_WARN_OBJC_LITERAL_CONVERSION = YES;
				CLANG_WARN_OBJC_ROOT_CLASS = YES_ERROR;
				CLANG_WARN_RANGE_LOOP_ANALYSIS = YES;
				CLANG_WARN_STRICT_PROTOTYPES = YES;
				CLANG_WARN_SUSPICIOUS_MOVE = YES;
				CLANG_WARN_UNGUARDED_AVAILABILITY = YES_AGGRESSIVE;
				CLANG_WARN_UNREACHABLE_CODE = YES;
				CLANG_WARN__DUPLICATE_METHOD_MATCH = YES;
				COPY_PHASE_STRIP = NO;
				DEBUG_INFORMATION_FORMAT = dwarf;
				ENABLE_STRICT_OBJC_MSGSEND = YES;
				ENABLE_TESTABILITY = YES;
				GCC_C_LANGUAGE_STANDARD = gnu11;
				GCC_DYNAMIC_NO_PIC = NO;
				GCC_NO_COMMON_BLOCKS = YES;
				GCC_OPTIMIZATION_LEVEL = 0;
				GCC_PREPROCESSOR_DEFINITIONS = (
					"DEBUG=1",
					"$(inherited)",
				);
				GCC_WARN_64_TO_32_BIT_CONVERSION = YES;
				GCC_WARN_ABOUT_RETURN_TYPE = YES_ERROR;
				GCC_WARN_UNDECLARED_SELECTOR = YES;
				GCC_WARN_UNINITIALIZED_AUTOS = YES_AGGRESSIVE;
				GCC_WARN_UNUSED_FUNCTION = YES;
				GCC_WARN_UNUSED_VARIABLE = YES;
				IPHONEOS_DEPLOYMENT_TARGET = 13.6;
				MTL_ENABLE_DEBUG_INFO = INCLUDE_SOURCE;
				MTL_FAST_MATH = YES;
				ONLY_ACTIVE_ARCH = YES;
				SDKROOT = iphoneos;
				SWIFT_ACTIVE_COMPILATION_CONDITIONS = DEBUG;
				SWIFT_OPTIMIZATION_LEVEL = "-Onone";
			};
			name = Debug;
		};
		BAA1327024F0C0720025C8C4 /* Release */ = {
			isa = XCBuildConfiguration;
			buildSettings = {
				ALWAYS_SEARCH_USER_PATHS = NO;
				CLANG_ANALYZER_NONNULL = YES;
				CLANG_ANALYZER_NUMBER_OBJECT_CONVERSION = YES_AGGRESSIVE;
				CLANG_CXX_LANGUAGE_STANDARD = "gnu++14";
				CLANG_CXX_LIBRARY = "libc++";
				CLANG_ENABLE_MODULES = YES;
				CLANG_ENABLE_OBJC_ARC = YES;
				CLANG_ENABLE_OBJC_WEAK = YES;
				CLANG_WARN_BLOCK_CAPTURE_AUTORELEASING = YES;
				CLANG_WARN_BOOL_CONVERSION = YES;
				CLANG_WARN_COMMA = YES;
				CLANG_WARN_CONSTANT_CONVERSION = YES;
				CLANG_WARN_DEPRECATED_OBJC_IMPLEMENTATIONS = YES;
				CLANG_WARN_DIRECT_OBJC_ISA_USAGE = YES_ERROR;
				CLANG_WARN_DOCUMENTATION_COMMENTS = YES;
				CLANG_WARN_EMPTY_BODY = YES;
				CLANG_WARN_ENUM_CONVERSION = YES;
				CLANG_WARN_INFINITE_RECURSION = YES;
				CLANG_WARN_INT_CONVERSION = YES;
				CLANG_WARN_NON_LITERAL_NULL_CONVERSION = YES;
				CLANG_WARN_OBJC_IMPLICIT_RETAIN_SELF = YES;
				CLANG_WARN_OBJC_LITERAL_CONVERSION = YES;
				CLANG_WARN_OBJC_ROOT_CLASS = YES_ERROR;
				CLANG_WARN_RANGE_LOOP_ANALYSIS = YES;
				CLANG_WARN_STRICT_PROTOTYPES = YES;
				CLANG_WARN_SUSPICIOUS_MOVE = YES;
				CLANG_WARN_UNGUARDED_AVAILABILITY = YES_AGGRESSIVE;
				CLANG_WARN_UNREACHABLE_CODE = YES;
				CLANG_WARN__DUPLICATE_METHOD_MATCH = YES;
				COPY_PHASE_STRIP = NO;
				DEBUG_INFORMATION_FORMAT = "dwarf-with-dsym";
				ENABLE_NS_ASSERTIONS = NO;
				ENABLE_STRICT_OBJC_MSGSEND = YES;
				GCC_C_LANGUAGE_STANDARD = gnu11;
				GCC_NO_COMMON_BLOCKS = YES;
				GCC_WARN_64_TO_32_BIT_CONVERSION = YES;
				GCC_WARN_ABOUT_RETURN_TYPE = YES_ERROR;
				GCC_WARN_UNDECLARED_SELECTOR = YES;
				GCC_WARN_UNINITIALIZED_AUTOS = YES_AGGRESSIVE;
				GCC_WARN_UNUSED_FUNCTION = YES;
				GCC_WARN_UNUSED_VARIABLE = YES;
				IPHONEOS_DEPLOYMENT_TARGET = 13.6;
				MTL_ENABLE_DEBUG_INFO = NO;
				MTL_FAST_MATH = YES;
				SDKROOT = iphoneos;
				SWIFT_COMPILATION_MODE = wholemodule;
				SWIFT_OPTIMIZATION_LEVEL = "-O";
				VALIDATE_PRODUCT = YES;
			};
			name = Release;
		};
		BAA1327224F0C0720025C8C4 /* Debug */ = {
			isa = XCBuildConfiguration;
			buildSettings = {
				ASSETCATALOG_COMPILER_APPICON_NAME = AppIcon;
				CODE_SIGN_STYLE = Automatic;
				DEVELOPMENT_TEAM = XSVW22JPST;
				INFOPLIST_FILE = a207ImageFromInternet/Info.plist;
				LD_RUNPATH_SEARCH_PATHS = (
					"$(inherited)",
					"@executable_path/Frameworks",
				);
				PRODUCT_BUNDLE_IDENTIFIER = idev.sjw.a207ImageFromInternet;
				PRODUCT_NAME = "$(TARGET_NAME)";
				SWIFT_VERSION = 5.0;
				TARGETED_DEVICE_FAMILY = "1,2";
			};
			name = Debug;
		};
		BAA1327324F0C0720025C8C4 /* Release */ = {
			isa = XCBuildConfiguration;
			buildSettings = {
				ASSETCATALOG_COMPILER_APPICON_NAME = AppIcon;
				CODE_SIGN_STYLE = Automatic;
				DEVELOPMENT_TEAM = XSVW22JPST;
				INFOPLIST_FILE = a207ImageFromInternet/Info.plist;
				LD_RUNPATH_SEARCH_PATHS = (
					"$(inherited)",
					"@executable_path/Frameworks",
				);
				PRODUCT_BUNDLE_IDENTIFIER = idev.sjw.a207ImageFromInternet;
				PRODUCT_NAME = "$(TARGET_NAME)";
				SWIFT_VERSION = 5.0;
				TARGETED_DEVICE_FAMILY = "1,2";
			};
			name = Release;
		};
/* End XCBuildConfiguration section */

/* Begin XCConfigurationList section */
		BAA1325824F0C0700025C8C4 /* Build configuration list for PBXProject "a207ImageFromInternet" */ = {
			isa = XCConfigurationList;
			buildConfigurations = (
				BAA1326F24F0C0720025C8C4 /* Debug */,
				BAA1327024F0C0720025C8C4 /* Release */,
			);
			defaultConfigurationIsVisible = 0;
			defaultConfigurationName = Release;
		};
		BAA1327124F0C0720025C8C4 /* Build configuration list for PBXNativeTarget "a207ImageFromInternet" */ = {
			isa = XCConfigurationList;
			buildConfigurations = (
				BAA1327224F0C0720025C8C4 /* Debug */,
				BAA1327324F0C0720025C8C4 /* Release */,
			);
			defaultConfigurationIsVisible = 0;
			defaultConfigurationName = Release;
		};
/* End XCConfigurationList section */
	};
	rootObject = BAA1325524F0C0700025C8C4 /* Project object */;
}
